
Microsoft Visual Studio Solution File, Format Version 12.00
# Visual Studio Version 17
VisualStudioVersion = 17.1.32228.430
MinimumVisualStudioVersion = 10.0.40219.1
Project("{FAE04EC0-301F-11D3-BF4B-00C04F79EFBC}") = "Factorial", "Factorial\Factorial.csproj", "{EC4A0F3B-A558-47C8-8503-F988E09A9ECD}"
EndProject
Global
	GlobalSection(SolutionConfigurationPlatforms) = preSolution
		Debug|Any CPU = Debug|Any CPU
		Release|Any CPU = Release|Any CPU
	EndGlobalSection
	GlobalSection(ProjectConfigurationPlatforms) = postSolution
		{EC4A0F3B-A558-47C8-8503-F988E09A9ECD}.Debug|Any CPU.ActiveCfg = Debug|Any CPU
		{EC4A0F3B-A558-47C8-8503-F988E09A9ECD}.Debug|Any CPU.Build.0 = Debug|Any CPU
		{EC4A0F3B-A558-47C8-8503-F988E09A9ECD}.Release|Any CPU.ActiveCfg = Release|Any CPU
		{EC4A0F3B-A558-47C8-8503-F988E09A9ECD}.Release|Any CPU.Build.0 = Release|Any CPU
	EndGlobalSection
	GlobalSection(SolutionProperties) = preSolution
		HideSolutionNode = FALSE
	EndGlobalSection
	GlobalSection(ExtensibilityGlobals) = postSolution
		SolutionGuid = {58CCE12D-59E7-4937-9ECB-6D054C896F98}
	EndGlobalSection
EndGlobal
